
Microsoft Visual Studio Solution File, Format Version 12.00
# Visual Studio Version 16
VisualStudioVersion = 16.0.31515.178
MinimumVisualStudioVersion = 10.0.40219.1
Project("{FAE04EC0-301F-11D3-BF4B-00C04F79EFBC}") = "MyCalc", "MyCalc\MyCalc.csproj", "{972FE66C-4B0D-4290-B6E4-B9238A2F0104}"
EndProject
Project("{FAE04EC0-301F-11D3-BF4B-00C04F79EFBC}") = "TestCalc", "TestCalc\TestCalc.csproj", "{DCCFA1A4-D3E0-4DC2-B9D3-021D631F3BA4}"
EndProject
Global
	GlobalSection(SolutionConfigurationPlatforms) = preSolution
		Debug|Any CPU = Debug|Any CPU
		Debug|x64 = Debug|x64
		Debug|x86 = Debug|x86
		Release|Any CPU = Release|Any CPU
		Release|x64 = Release|x64
		Release|x86 = Release|x86
	EndGlobalSection
	GlobalSection(ProjectConfigurationPlatforms) = postSolution
		{972FE66C-4B0D-4290-B6E4-B9238A2F0104}.Debug|Any CPU.ActiveCfg = Debug|Any CPU
		{972FE66C-4B0D-4290-B6E4-B9238A2F0104}.Debug|Any CPU.Build.0 = Debug|Any CPU
		{972FE66C-4B0D-4290-B6E4-B9238A2F0104}.Debug|x64.ActiveCfg = Debug|x64
		{972FE66C-4B0D-4290-B6E4-B9238A2F0104}.Debug|x64.Build.0 = Debug|x64
		{972FE66C-4B0D-4290-B6E4-B9238A2F0104}.Debug|x86.ActiveCfg = Debug|x86
		{972FE66C-4B0D-4290-B6E4-B9238A2F0104}.Debug|x86.Build.0 = Debug|x86
		{972FE66C-4B0D-4290-B6E4-B9238A2F0104}.Release|Any CPU.ActiveCfg = Release|Any CPU
		{972FE66C-4B0D-4290-B6E4-B9238A2F0104}.Release|Any CPU.Build.0 = Release|Any CPU
		{972FE66C-4B0D-4290-B6E4-B9238A2F0104}.Release|x64.ActiveCfg = Release|x64
		{972FE66C-4B0D-4290-B6E4-B9238A2F0104}.Release|x64.Build.0 = Release|x64
		{972FE66C-4B0D-4290-B6E4-B9238A2F0104}.Release|x86.ActiveCfg = Release|x86
		{972FE66C-4B0D-4290-B6E4-B9238A2F0104}.Release|x86.Build.0 = Release|x86
		{DCCFA1A4-D3E0-4DC2-B9D3-021D631F3BA4}.Debug|Any CPU.ActiveCfg = Debug|Any CPU
		{DCCFA1A4-D3E0-4DC2-B9D3-021D631F3BA4}.Debug|Any CPU.Build.0 = Debug|Any CPU
		{DCCFA1A4-D3E0-4DC2-B9D3-021D631F3BA4}.Debug|x64.ActiveCfg = Debug|x64
		{DCCFA1A4-D3E0-4DC2-B9D3-021D631F3BA4}.Debug|x64.Build.0 = Debug|x64
		{DCCFA1A4-D3E0-4DC2-B9D3-021D631F3BA4}.Debug|x86.ActiveCfg = Debug|x86
		{DCCFA1A4-D3E0-4DC2-B9D3-021D631F3BA4}.Debug|x86.Build.0 = Debug|x86
		{DCCFA1A4-D3E0-4DC2-B9D3-021D631F3BA4}.Release|Any CPU.ActiveCfg = Release|Any CPU
		{DCCFA1A4-D3E0-4DC2-B9D3-021D631F3BA4}.Release|Any CPU.Build.0 = Release|Any CPU
		{DCCFA1A4-D3E0-4DC2-B9D3-021D631F3BA4}.Release|x64.ActiveCfg = Release|x64
		{DCCFA1A4-D3E0-4DC2-B9D3-021D631F3BA4}.Release|x64.Build.0 = Release|x64
		{DCCFA1A4-D3E0-4DC2-B9D3-021D631F3BA4}.Release|x86.ActiveCfg = Release|x86
		{DCCFA1A4-D3E0-4DC2-B9D3-021D631F3BA4}.Release|x86.Build.0 = Release|x86
	EndGlobalSection
	GlobalSection(SolutionProperties) = preSolution
		HideSolutionNode = FALSE
	EndGlobalSection
	GlobalSection(ExtensibilityGlobals) = postSolution
		SolutionGuid = {63DB5961-D503-40AB-80FA-92D98DD06578}
	EndGlobalSection
EndGlobal
